
Microsoft Visual Studio Solution File, Format Version 12.00
# Visual Studio Version 17
VisualStudioVersion = 17.0.32014.148
MinimumVisualStudioVersion = 10.0.40219.1
Project("{9A19103F-16F7-4668-BE54-9A1E7A4F7556}") = "UnitT", "UnitT\UnitT.csproj", "{8D11AAD8-7526-410D-A274-CF5F877ADB4E}"
EndProject
Project("{FAE04EC0-301F-11D3-BF4B-00C04F79EFBC}") = "Chess", "Chess\Chess.csproj", "{03B9F214-4C9C-4825-8881-DB0705BE7F6A}"
EndProject
Global
	GlobalSection(SolutionConfigurationPlatforms) = preSolution
		Debug|Any CPU = Debug|Any CPU
		Release|Any CPU = Release|Any CPU
	EndGlobalSection
	GlobalSection(ProjectConfigurationPlatforms) = postSolution
		{8D11AAD8-7526-410D-A274-CF5F877ADB4E}.Debug|Any CPU.ActiveCfg = Debug|Any CPU
		{8D11AAD8-7526-410D-A274-CF5F877ADB4E}.Debug|Any CPU.Build.0 = Debug|Any CPU
		{8D11AAD8-7526-410D-A274-CF5F877ADB4E}.Release|Any CPU.ActiveCfg = Release|Any CPU
		{8D11AAD8-7526-410D-A274-CF5F877ADB4E}.Release|Any CPU.Build.0 = Release|Any CPU
		{03B9F214-4C9C-4825-8881-DB0705BE7F6A}.Debug|Any CPU.ActiveCfg = Debug|Any CPU
		{03B9F214-4C9C-4825-8881-DB0705BE7F6A}.Debug|Any CPU.Build.0 = Debug|Any CPU
		{03B9F214-4C9C-4825-8881-DB0705BE7F6A}.Release|Any CPU.ActiveCfg = Release|Any CPU
		{03B9F214-4C9C-4825-8881-DB0705BE7F6A}.Release|Any CPU.Build.0 = Release|Any CPU
	EndGlobalSection
	GlobalSection(SolutionProperties) = preSolution
		HideSolutionNode = FALSE
	EndGlobalSection
	GlobalSection(ExtensibilityGlobals) = postSolution
		SolutionGuid = {FF991E88-45AB-4FB6-B35A-7200C367826D}
	EndGlobalSection
EndGlobal
